
Microsoft Visual Studio Solution File, Format Version 12.00
# Visual Studio Version 16
VisualStudioVersion = 16.0.31313.79
MinimumVisualStudioVersion = 10.0.40219.1
Project("{FAE04EC0-301F-11D3-BF4B-00C04F79EFBC}") = "ViewData_ViewBag", "ViewData_ViewBag\ViewData_ViewBag.csproj", "{952F2BAD-E66E-4A4D-B973-17A877AC9766}"
EndProject
Global
	GlobalSection(SolutionConfigurationPlatforms) = preSolution
		Debug|Any CPU = Debug|Any CPU
		Release|Any CPU = Release|Any CPU
	EndGlobalSection
	GlobalSection(ProjectConfigurationPlatforms) = postSolution
		{952F2BAD-E66E-4A4D-B973-17A877AC9766}.Debug|Any CPU.ActiveCfg = Debug|Any CPU
		{952F2BAD-E66E-4A4D-B973-17A877AC9766}.Debug|Any CPU.Build.0 = Debug|Any CPU
		{952F2BAD-E66E-4A4D-B973-17A877AC9766}.Release|Any CPU.ActiveCfg = Release|Any CPU
		{952F2BAD-E66E-4A4D-B973-17A877AC9766}.Release|Any CPU.Build.0 = Release|Any CPU
	EndGlobalSection
	GlobalSection(SolutionProperties) = preSolution
		HideSolutionNode = FALSE
	EndGlobalSection
	GlobalSection(ExtensibilityGlobals) = postSolution
		SolutionGuid = {90E75E7C-9742-4040-A31E-0778469611FD}
	EndGlobalSection
EndGlobal
